// !$*UTF8*$!
{
	archiveVersion = 1;
	classes = {
	};
	objectVersion = 46;
	objects = {

/* Begin PBXBuildFile section */
		0942396A149D6D5000B75A38 /* Cocoa.framework in Frameworks */ = {isa = PBXBuildFile; fileRef = 09423969149D6D5000B75A38 /* Cocoa.framework */; };
		09423974149D6D5000B75A38 /* InfoPlist.strings in Resources */ = {isa = PBXBuildFile; fileRef = 09423972149D6D5000B75A38 /* InfoPlist.strings */; };
		09423976149D6D5000B75A38 /* main.m in Sources */ = {isa = PBXBuildFile; fileRef = 09423975149D6D5000B75A38 /* main.m */; };
		0942397A149D6D5000B75A38 /* Credits.rtf in Resources */ = {isa = PBXBuildFile; fileRef = 09423978149D6D5000B75A38 /* Credits.rtf */; };
		0942397D149D6D5000B75A38 /* AppDelegate.m in Sources */ = {isa = PBXBuildFile; fileRef = 0942397C149D6D5000B75A38 /* AppDelegate.m */; };
		09423980149D6D5000B75A38 /* MainMenu.xib in Resources */ = {isa = PBXBuildFile; fileRef = 0942397E149D6D5000B75A38 /* MainMenu.xib */; };
		094239A0149D707D00B75A38 /* ScriptingBridge.framework in Frameworks */ = {isa = PBXBuildFile; fileRef = 0942399F149D707D00B75A38 /* ScriptingBridge.framework */; };
		D80D37DA15FBD6F800D320D7 /* iTunesApi.m in Sources */ = {isa = PBXBuildFile; fileRef = D80D37D915FBD6F800D320D7 /* iTunesApi.m */; };
		D80D37DE15FBF85A00D320D7 /* iTunesLibrary.m in Sources */ = {isa = PBXBuildFile; fileRef = D80D37DD15FBF85A00D320D7 /* iTunesLibrary.m */; };
		D80D37E115FC0D9F00D320D7 /* RowData.m in Sources */ = {isa = PBXBuildFile; fileRef = D80D37E015FC0D9E00D320D7 /* RowData.m */; };
		D80D37E715FC591F00D320D7 /* TrackView.m in Sources */ = {isa = PBXBuildFile; fileRef = D80D37E615FC591F00D320D7 /* TrackView.m */; };
		D834E05D1617DEA200EE473B /* LocalCache.m in Sources */ = {isa = PBXBuildFile; fileRef = D834E05C1617DEA200EE473B /* LocalCache.m */; };
		D834E0621617EF5100EE473B /* libsqlite3.dylib in Frameworks */ = {isa = PBXBuildFile; fileRef = D834E0611617EF5100EE473B /* libsqlite3.dylib */; };
/* End PBXBuildFile section */

/* Begin PBXFileReference section */
		09423965149D6D5000B75A38 /* iTunesMatchHelper.app */ = {isa = PBXFileReference; explicitFileType = wrapper.application; includeInIndex = 0; path = iTunesMatchHelper.app; sourceTree = BUILT_PRODUCTS_DIR; };
		09423969149D6D5000B75A38 /* Cocoa.framework */ = {isa = PBXFileReference; lastKnownFileType = wrapper.framework; name = Cocoa.framework; path = System/Library/Frameworks/Cocoa.framework; sourceTree = SDKROOT; };
		0942396C149D6D5000B75A38 /* AppKit.framework */ = {isa = PBXFileReference; lastKnownFileType = wrapper.framework; name = AppKit.framework; path = System/Library/Frameworks/AppKit.framework; sourceTree = SDKROOT; };
		0942396D149D6D5000B75A38 /* CoreData.framework */ = {isa = PBXFileReference; lastKnownFileType = wrapper.framework; name = CoreData.framework; path = System/Library/Frameworks/CoreData.framework; sourceTree = SDKROOT; };
		0942396E149D6D5000B75A38 /* Foundation.framework */ = {isa = PBXFileReference; lastKnownFileType = wrapper.framework; name = Foundation.framework; path = System/Library/Frameworks/Foundation.framework; sourceTree = SDKROOT; };
		09423971149D6D5000B75A38 /* iTunesMatchHelper-Info.plist */ = {isa = PBXFileReference; lastKnownFileType = text.plist.xml; path = "iTunesMatchHelper-Info.plist"; sourceTree = "<group>"; };
		09423973149D6D5000B75A38 /* en */ = {isa = PBXFileReference; lastKnownFileType = text.plist.strings; name = en; path = en.lproj/InfoPlist.strings; sourceTree = "<group>"; };
		09423975149D6D5000B75A38 /* main.m */ = {isa = PBXFileReference; lastKnownFileType = sourcecode.c.objc; path = main.m; sourceTree = "<group>"; };
		09423977149D6D5000B75A38 /* iTunesMatchHelper-Prefix.pch */ = {isa = PBXFileReference; lastKnownFileType = sourcecode.c.h; path = "iTunesMatchHelper-Prefix.pch"; sourceTree = "<group>"; };
		09423979149D6D5000B75A38 /* en */ = {isa = PBXFileReference; lastKnownFileType = text.rtf; name = en; path = en.lproj/Credits.rtf; sourceTree = "<group>"; };
		0942397B149D6D5000B75A38 /* AppDelegate.h */ = {isa = PBXFileReference; lastKnownFileType = sourcecode.c.h; path = AppDelegate.h; sourceTree = "<group>"; };
		0942397C149D6D5000B75A38 /* AppDelegate.m */ = {isa = PBXFileReference; lastKnownFileType = sourcecode.c.objc; path = AppDelegate.m; sourceTree = "<group>"; };
		0942397F149D6D5000B75A38 /* en */ = {isa = PBXFileReference; lastKnownFileType = file.xib; name = en; path = en.lproj/MainMenu.xib; sourceTree = "<group>"; };
		09423987149D6D5000B75A38 /* SenTestingKit.framework */ = {isa = PBXFileReference; lastKnownFileType = wrapper.framework; name = SenTestingKit.framework; path = Library/Frameworks/SenTestingKit.framework; sourceTree = DEVELOPER_DIR; };
		0942399D149D6D6C00B75A38 /* iTunesMatchHelper.entitlements */ = {isa = PBXFileReference; lastKnownFileType = text.xml; path = iTunesMatchHelper.entitlements; sourceTree = "<group>"; };
		0942399E149D6EDC00B75A38 /* iTunes.h */ = {isa = PBXFileReference; fileEncoding = 4; lastKnownFileType = sourcecode.c.h; path = iTunes.h; sourceTree = "<group>"; };
		0942399F149D707D00B75A38 /* ScriptingBridge.framework */ = {isa = PBXFileReference; lastKnownFileType = wrapper.framework; name = ScriptingBridge.framework; path = System/Library/Frameworks/ScriptingBridge.framework; sourceTree = SDKROOT; };
		D80D37D815FBD6F800D320D7 /* iTunesApi.h */ = {isa = PBXFileReference; fileEncoding = 4; lastKnownFileType = sourcecode.c.h; path = iTunesApi.h; sourceTree = "<group>"; };
		D80D37D915FBD6F800D320D7 /* iTunesApi.m */ = {isa = PBXFileReference; fileEncoding = 4; lastKnownFileType = sourcecode.c.objc; path = iTunesApi.m; sourceTree = "<group>"; };
		D80D37DC15FBF85A00D320D7 /* iTunesLibrary.h */ = {isa = PBXFileReference; fileEncoding = 4; lastKnownFileType = sourcecode.c.h; path = iTunesLibrary.h; sourceTree = "<group>"; };
		D80D37DD15FBF85A00D320D7 /* iTunesLibrary.m */ = {isa = PBXFileReference; fileEncoding = 4; lastKnownFileType = sourcecode.c.objc; path = iTunesLibrary.m; sourceTree = "<group>"; };
		D80D37DF15FC0D9E00D320D7 /* RowData.h */ = {isa = PBXFileReference; fileEncoding = 4; lastKnownFileType = sourcecode.c.h; path = RowData.h; sourceTree = "<group>"; };
		D80D37E015FC0D9E00D320D7 /* RowData.m */ = {isa = PBXFileReference; fileEncoding = 4; lastKnownFileType = sourcecode.c.objc; path = RowData.m; sourceTree = "<group>"; };
		D80D37E515FC591E00D320D7 /* TrackView.h */ = {isa = PBXFileReference; fileEncoding = 4; lastKnownFileType = sourcecode.c.h; path = TrackView.h; sourceTree = "<group>"; };
		D80D37E615FC591F00D320D7 /* TrackView.m */ = {isa = PBXFileReference; fileEncoding = 4; lastKnownFileType = sourcecode.c.objc; path = TrackView.m; sourceTree = "<group>"; };
		D834E05B1617DEA100EE473B /* LocalCache.h */ = {isa = PBXFileReference; fileEncoding = 4; lastKnownFileType = sourcecode.c.h; path = LocalCache.h; sourceTree = "<group>"; };
		D834E05C1617DEA200EE473B /* LocalCache.m */ = {isa = PBXFileReference; fileEncoding = 4; lastKnownFileType = sourcecode.c.objc; path = LocalCache.m; sourceTree = "<group>"; };
		D834E0611617EF5100EE473B /* libsqlite3.dylib */ = {isa = PBXFileReference; lastKnownFileType = "compiled.mach-o.dylib"; name = libsqlite3.dylib; path = usr/lib/libsqlite3.dylib; sourceTree = SDKROOT; };
/* End PBXFileReference section */

/* Begin PBXFrameworksBuildPhase section */
		09423962149D6D5000B75A38 /* Frameworks */ = {
			isa = PBXFrameworksBuildPhase;
			buildActionMask = 2147483647;
			files = (
				D834E0621617EF5100EE473B /* libsqlite3.dylib in Frameworks */,
				094239A0149D707D00B75A38 /* ScriptingBridge.framework in Frameworks */,
				0942396A149D6D5000B75A38 /* Cocoa.framework in Frameworks */,
			);
			runOnlyForDeploymentPostprocessing = 0;
		};
/* End PBXFrameworksBuildPhase section */

/* Begin PBXGroup section */
		0942395A149D6D5000B75A38 = {
			isa = PBXGroup;
			children = (
				0942396F149D6D5000B75A38 /* iTunesMatchHelper */,
				09423968149D6D5000B75A38 /* Frameworks */,
				09423966149D6D5000B75A38 /* Products */,
			);
			sourceTree = "<group>";
		};
		09423966149D6D5000B75A38 /* Products */ = {
			isa = PBXGroup;
			children = (
				09423965149D6D5000B75A38 /* iTunesMatchHelper.app */,
			);
			name = Products;
			sourceTree = "<group>";
		};
		09423968149D6D5000B75A38 /* Frameworks */ = {
			isa = PBXGroup;
			children = (
				D834E0611617EF5100EE473B /* libsqlite3.dylib */,
				0942399F149D707D00B75A38 /* ScriptingBridge.framework */,
				09423969149D6D5000B75A38 /* Cocoa.framework */,
				09423987149D6D5000B75A38 /* SenTestingKit.framework */,
				0942396B149D6D5000B75A38 /* Other Frameworks */,
			);
			name = Frameworks;
			sourceTree = "<group>";
		};
		0942396B149D6D5000B75A38 /* Other Frameworks */ = {
			isa = PBXGroup;
			children = (
				0942396C149D6D5000B75A38 /* AppKit.framework */,
				0942396D149D6D5000B75A38 /* CoreData.framework */,
				0942396E149D6D5000B75A38 /* Foundation.framework */,
			);
			name = "Other Frameworks";
			sourceTree = "<group>";
		};
		0942396F149D6D5000B75A38 /* iTunesMatchHelper */ = {
			isa = PBXGroup;
			children = (
				D80D37DB15FBD70700D320D7 /* Classes */,
				0942399D149D6D6C00B75A38 /* iTunesMatchHelper.entitlements */,
				0942397E149D6D5000B75A38 /* MainMenu.xib */,
				09423970149D6D5000B75A38 /* Supporting Files */,
			);
			path = iTunesMatchHelper;
			sourceTree = "<group>";
		};
		09423970149D6D5000B75A38 /* Supporting Files */ = {
			isa = PBXGroup;
			children = (
				0942399E149D6EDC00B75A38 /* iTunes.h */,
				09423971149D6D5000B75A38 /* iTunesMatchHelper-Info.plist */,
				09423972149D6D5000B75A38 /* InfoPlist.strings */,
				09423975149D6D5000B75A38 /* main.m */,
				09423977149D6D5000B75A38 /* iTunesMatchHelper-Prefix.pch */,
				09423978149D6D5000B75A38 /* Credits.rtf */,
			);
			name = "Supporting Files";
			sourceTree = "<group>";
		};
		D80D37DB15FBD70700D320D7 /* Classes */ = {
			isa = PBXGroup;
			children = (
				0942397B149D6D5000B75A38 /* AppDelegate.h */,
				0942397C149D6D5000B75A38 /* AppDelegate.m */,
				D80D37D815FBD6F800D320D7 /* iTunesApi.h */,
				D80D37D915FBD6F800D320D7 /* iTunesApi.m */,
				D80D37DC15FBF85A00D320D7 /* iTunesLibrary.h */,
				D80D37DD15FBF85A00D320D7 /* iTunesLibrary.m */,
				D80D37DF15FC0D9E00D320D7 /* RowData.h */,
				D80D37E015FC0D9E00D320D7 /* RowData.m */,
				D80D37E515FC591E00D320D7 /* TrackView.h */,
				D80D37E615FC591F00D320D7 /* TrackView.m */,
				D834E05B1617DEA100EE473B /* LocalCache.h */,
				D834E05C1617DEA200EE473B /* LocalCache.m */,
			);
			name = Classes;
			sourceTree = "<group>";
		};
/* End PBXGroup section */

/* Begin PBXNativeTarget section */
		09423964149D6D5000B75A38 /* iTunesMatchHelper */ = {
			isa = PBXNativeTarget;
			buildConfigurationList = 09423997149D6D5000B75A38 /* Build configuration list for PBXNativeTarget "iTunesMatchHelper" */;
			buildPhases = (
				09423961149D6D5000B75A38 /* Sources */,
				09423962149D6D5000B75A38 /* Frameworks */,
				09423963149D6D5000B75A38 /* Resources */,
			);
			buildRules = (
			);
			dependencies = (
			);
			name = iTunesMatchHelper;
			productName = iTunesMatchHelper;
			productReference = 09423965149D6D5000B75A38 /* iTunesMatchHelper.app */;
			productType = "com.apple.product-type.application";
		};
/* End PBXNativeTarget section */

/* Begin PBXProject section */
		0942395C149D6D5000B75A38 /* Project object */ = {
			isa = PBXProject;
			attributes = {
				LastUpgradeCheck = 0440;
			};
			buildConfigurationList = 0942395F149D6D5000B75A38 /* Build configuration list for PBXProject "iTunesMatchHelper" */;
			compatibilityVersion = "Xcode 3.2";
			developmentRegion = English;
			hasScannedForEncodings = 0;
			knownRegions = (
				en,
			);
			mainGroup = 0942395A149D6D5000B75A38;
			productRefGroup = 09423966149D6D5000B75A38 /* Products */;
			projectDirPath = "";
			projectRoot = "";
			targets = (
				09423964149D6D5000B75A38 /* iTunesMatchHelper */,
			);
		};
/* End PBXProject section */

/* Begin PBXResourcesBuildPhase section */
		09423963149D6D5000B75A38 /* Resources */ = {
			isa = PBXResourcesBuildPhase;
			buildActionMask = 2147483647;
			files = (
				09423974149D6D5000B75A38 /* InfoPlist.strings in Resources */,
				0942397A149D6D5000B75A38 /* Credits.rtf in Resources */,
				09423980149D6D5000B75A38 /* MainMenu.xib in Resources */,
			);
			runOnlyForDeploymentPostprocessing = 0;
		};
/* End PBXResourcesBuildPhase section */

/* Begin PBXSourcesBuildPhase section */
		09423961149D6D5000B75A38 /* Sources */ = {
			isa = PBXSourcesBuildPhase;
			buildActionMask = 2147483647;
			files = (
				09423976149D6D5000B75A38 /* main.m in Sources */,
				0942397D149D6D5000B75A38 /* AppDelegate.m in Sources */,
				D80D37DA15FBD6F800D320D7 /* iTunesApi.m in Sources */,
				D80D37DE15FBF85A00D320D7 /* iTunesLibrary.m in Sources */,
				D80D37E115FC0D9F00D320D7 /* RowData.m in Sources */,
				D80D37E715FC591F00D320D7 /* TrackView.m in Sources */,
				D834E05D1617DEA200EE473B /* LocalCache.m in Sources */,
			);
			runOnlyForDeploymentPostprocessing = 0;
		};
/* End PBXSourcesBuildPhase section */

/* Begin PBXVariantGroup section */
		09423972149D6D5000B75A38 /* InfoPlist.strings */ = {
			isa = PBXVariantGroup;
			children = (
				09423973149D6D5000B75A38 /* en */,
			);
			name = InfoPlist.strings;
			sourceTree = "<group>";
		};
		09423978149D6D5000B75A38 /* Credits.rtf */ = {
			isa = PBXVariantGroup;
			children = (
				09423979149D6D5000B75A38 /* en */,
			);
			name = Credits.rtf;
			sourceTree = "<group>";
		};
		0942397E149D6D5000B75A38 /* MainMenu.xib */ = {
			isa = PBXVariantGroup;
			children = (
				0942397F149D6D5000B75A38 /* en */,
			);
			name = MainMenu.xib;
			sourceTree = "<group>";
		};
/* End PBXVariantGroup section */

/* Begin XCBuildConfiguration section */
		09423995149D6D5000B75A38 /* Debug */ = {
			isa = XCBuildConfiguration;
			buildSettings = {
				ALWAYS_SEARCH_USER_PATHS = NO;
				ARCHS = "$(ARCHS_STANDARD_64_BIT)";
				CLANG_ENABLE_OBJC_ARC = YES;
				COPY_PHASE_STRIP = NO;
				GCC_C_LANGUAGE_STANDARD = gnu99;
				GCC_DYNAMIC_NO_PIC = NO;
				GCC_ENABLE_OBJC_EXCEPTIONS = YES;
				GCC_OPTIMIZATION_LEVEL = 0;
				GCC_PREPROCESSOR_DEFINITIONS = (
					"DEBUG=1",
					"$(inherited)",
				);
				GCC_SYMBOLS_PRIVATE_EXTERN = NO;
				GCC_VERSION = com.apple.compilers.llvm.clang.1_0;
				GCC_WARN_64_TO_32_BIT_CONVERSION = YES;
				GCC_WARN_ABOUT_MISSING_PROTOTYPES = YES;
				GCC_WARN_ABOUT_RETURN_TYPE = YES;
				GCC_WARN_UNUSED_VARIABLE = YES;
				MACOSX_DEPLOYMENT_TARGET = 10.7;
				ONLY_ACTIVE_ARCH = YES;
				SDKROOT = macosx;
			};
			name = Debug;
		};
		09423996149D6D5000B75A38 /* Release */ = {
			isa = XCBuildConfiguration;
			buildSettings = {
				ALWAYS_SEARCH_USER_PATHS = NO;
				ARCHS = "$(ARCHS_STANDARD_64_BIT)";
				CLANG_ENABLE_OBJC_ARC = YES;
				COPY_PHASE_STRIP = YES;
				DEBUG_INFORMATION_FORMAT = "dwarf-with-dsym";
				GCC_C_LANGUAGE_STANDARD = gnu99;
				GCC_ENABLE_OBJC_EXCEPTIONS = YES;
				GCC_VERSION = com.apple.compilers.llvm.clang.1_0;
				GCC_WARN_64_TO_32_BIT_CONVERSION = YES;
				GCC_WARN_ABOUT_MISSING_PROTOTYPES = YES;
				GCC_WARN_ABOUT_RETURN_TYPE = YES;
				GCC_WARN_UNUSED_VARIABLE = YES;
				MACOSX_DEPLOYMENT_TARGET = 10.7;
				SDKROOT = macosx;
			};
			name = Release;
		};
		09423998149D6D5000B75A38 /* Debug */ = {
			isa = XCBuildConfiguration;
			buildSettings = {
				COMBINE_HIDPI_IMAGES = YES;
				GCC_PRECOMPILE_PREFIX_HEADER = YES;
				GCC_PREFIX_HEADER = "iTunesMatchHelper/iTunesMatchHelper-Prefix.pch";
				INFOPLIST_FILE = "iTunesMatchHelper/iTunesMatchHelper-Info.plist";
				PRODUCT_NAME = "$(TARGET_NAME)";
				WRAPPER_EXTENSION = app;
			};
			name = Debug;
		};
		09423999149D6D5000B75A38 /* Release */ = {
			isa = XCBuildConfiguration;
			buildSettings = {
				COMBINE_HIDPI_IMAGES = YES;
				GCC_PRECOMPILE_PREFIX_HEADER = YES;
				GCC_PREFIX_HEADER = "iTunesMatchHelper/iTunesMatchHelper-Prefix.pch";
				INFOPLIST_FILE = "iTunesMatchHelper/iTunesMatchHelper-Info.plist";
				PRODUCT_NAME = "$(TARGET_NAME)";
				WRAPPER_EXTENSION = app;
			};
			name = Release;
		};
/* End XCBuildConfiguration section */

/* Begin XCConfigurationList section */
		0942395F149D6D5000B75A38 /* Build configuration list for PBXProject "iTunesMatchHelper" */ = {
			isa = XCConfigurationList;
			buildConfigurations = (
				09423995149D6D5000B75A38 /* Debug */,
				09423996149D6D5000B75A38 /* Release */,
			);
			defaultConfigurationIsVisible = 0;
			defaultConfigurationName = Release;
		};
		09423997149D6D5000B75A38 /* Build configuration list for PBXNativeTarget "iTunesMatchHelper" */ = {
			isa = XCConfigurationList;
			buildConfigurations = (
				09423998149D6D5000B75A38 /* Debug */,
				09423999149D6D5000B75A38 /* Release */,
			);
			defaultConfigurationIsVisible = 0;
			defaultConfigurationName = Release;
		};
/* End XCConfigurationList section */
	};
	rootObject = 0942395C149D6D5000B75A38 /* Project object */;
}
