// !$*UTF8*$!
{
	archiveVersion = 1;
	classes = {
	};
	objectVersion = 46;
	objects = {

/* Begin PBXBuildFile section */
		0942396A149D6D5000B75A38 /* Cocoa.framework in Frameworks */ = {isa = PBXBuildFile; fileRef = 09423969149D6D5000B75A38 /* Cocoa.framework */; };
		09423974149D6D5000B75A38 /* InfoPlist.strings in Resources */ = {isa = PBXBuildFile; fileRef = 09423972149D6D5000B75A38 /* InfoPlist.strings */; };
		09423976149D6D5000B75A38 /* main.m in Sources */ = {isa = PBXBuildFile; fileRef = 09423975149D6D5000B75A38 /* main.m */; };
		0942397A149D6D5000B75A38 /* Credits.rtf in Resources */ = {isa = PBXBuildFile; fileRef = 09423978149D6D5000B75A38 /* Credits.rtf */; };
		0942397D149D6D5000B75A38 /* AppDelegate.m in Sources */ = {isa = PBXBuildFile; fileRef = 0942397C149D6D5000B75A38 /* AppDelegate.m */; };
		09423980149D6D5000B75A38 /* MainMenu.xib in Resources */ = {isa = PBXBuildFile; fileRef = 0942397E149D6D5000B75A38 /* MainMenu.xib */; };
		09423988149D6D5000B75A38 /* SenTestingKit.framework in Frameworks */ = {isa = PBXBuildFile; fileRef = 09423987149D6D5000B75A38 /* SenTestingKit.framework */; };
		09423989149D6D5000B75A38 /* Cocoa.framework in Frameworks */ = {isa = PBXBuildFile; fileRef = 09423969149D6D5000B75A38 /* Cocoa.framework */; };
		09423991149D6D5000B75A38 /* InfoPlist.strings in Resources */ = {isa = PBXBuildFile; fileRef = 0942398F149D6D5000B75A38 /* InfoPlist.strings */; };
		09423994149D6D5000B75A38 /* iTunesMatchHelperTests.m in Sources */ = {isa = PBXBuildFile; fileRef = 09423993149D6D5000B75A38 /* iTunesMatchHelperTests.m */; };
		094239A0149D707D00B75A38 /* ScriptingBridge.framework in Frameworks */ = {isa = PBXBuildFile; fileRef = 0942399F149D707D00B75A38 /* ScriptingBridge.framework */; };
/* End PBXBuildFile section */

/* Begin PBXContainerItemProxy section */
		0942398A149D6D5000B75A38 /* PBXContainerItemProxy */ = {
			isa = PBXContainerItemProxy;
			containerPortal = 0942395C149D6D5000B75A38 /* Project object */;
			proxyType = 1;
			remoteGlobalIDString = 09423964149D6D5000B75A38;
			remoteInfo = iTunesMatchHelper;
		};
/* End PBXContainerItemProxy section */

/* Begin PBXFileReference section */
		09423965149D6D5000B75A38 /* iTunesMatchHelper.app */ = {isa = PBXFileReference; explicitFileType = wrapper.application; includeInIndex = 0; path = iTunesMatchHelper.app; sourceTree = BUILT_PRODUCTS_DIR; };
		09423969149D6D5000B75A38 /* Cocoa.framework */ = {isa = PBXFileReference; lastKnownFileType = wrapper.framework; name = Cocoa.framework; path = System/Library/Frameworks/Cocoa.framework; sourceTree = SDKROOT; };
		0942396C149D6D5000B75A38 /* AppKit.framework */ = {isa = PBXFileReference; lastKnownFileType = wrapper.framework; name = AppKit.framework; path = System/Library/Frameworks/AppKit.framework; sourceTree = SDKROOT; };
		0942396D149D6D5000B75A38 /* CoreData.framework */ = {isa = PBXFileReference; lastKnownFileType = wrapper.framework; name = CoreData.framework; path = System/Library/Frameworks/CoreData.framework; sourceTree = SDKROOT; };
		0942396E149D6D5000B75A38 /* Foundation.framework */ = {isa = PBXFileReference; lastKnownFileType = wrapper.framework; name = Foundation.framework; path = System/Library/Frameworks/Foundation.framework; sourceTree = SDKROOT; };
		09423971149D6D5000B75A38 /* iTunesMatchHelper-Info.plist */ = {isa = PBXFileReference; lastKnownFileType = text.plist.xml; path = "iTunesMatchHelper-Info.plist"; sourceTree = "<group>"; };
		09423973149D6D5000B75A38 /* en */ = {isa = PBXFileReference; lastKnownFileType = text.plist.strings; name = en; path = en.lproj/InfoPlist.strings; sourceTree = "<group>"; };
		09423975149D6D5000B75A38 /* main.m */ = {isa = PBXFileReference; lastKnownFileType = sourcecode.c.objc; path = main.m; sourceTree = "<group>"; };
		09423977149D6D5000B75A38 /* iTunesMatchHelper-Prefix.pch */ = {isa = PBXFileReference; lastKnownFileType = sourcecode.c.h; path = "iTunesMatchHelper-Prefix.pch"; sourceTree = "<group>"; };
		09423979149D6D5000B75A38 /* en */ = {isa = PBXFileReference; lastKnownFileType = text.rtf; name = en; path = en.lproj/Credits.rtf; sourceTree = "<group>"; };
		0942397B149D6D5000B75A38 /* AppDelegate.h */ = {isa = PBXFileReference; lastKnownFileType = sourcecode.c.h; path = AppDelegate.h; sourceTree = "<group>"; };
		0942397C149D6D5000B75A38 /* AppDelegate.m */ = {isa = PBXFileReference; lastKnownFileType = sourcecode.c.objc; path = AppDelegate.m; sourceTree = "<group>"; };
		0942397F149D6D5000B75A38 /* en */ = {isa = PBXFileReference; lastKnownFileType = file.xib; name = en; path = en.lproj/MainMenu.xib; sourceTree = "<group>"; };
		09423986149D6D5000B75A38 /* iTunesMatchHelperTests.octest */ = {isa = PBXFileReference; explicitFileType = wrapper.cfbundle; includeInIndex = 0; path = iTunesMatchHelperTests.octest; sourceTree = BUILT_PRODUCTS_DIR; };
		09423987149D6D5000B75A38 /* SenTestingKit.framework */ = {isa = PBXFileReference; lastKnownFileType = wrapper.framework; name = SenTestingKit.framework; path = Library/Frameworks/SenTestingKit.framework; sourceTree = DEVELOPER_DIR; };
		0942398E149D6D5000B75A38 /* iTunesMatchHelperTests-Info.plist */ = {isa = PBXFileReference; lastKnownFileType = text.plist.xml; path = "iTunesMatchHelperTests-Info.plist"; sourceTree = "<group>"; };
		09423990149D6D5000B75A38 /* en */ = {isa = PBXFileReference; lastKnownFileType = text.plist.strings; name = en; path = en.lproj/InfoPlist.strings; sourceTree = "<group>"; };
		09423992149D6D5000B75A38 /* iTunesMatchHelperTests.h */ = {isa = PBXFileReference; lastKnownFileType = sourcecode.c.h; path = iTunesMatchHelperTests.h; sourceTree = "<group>"; };
		09423993149D6D5000B75A38 /* iTunesMatchHelperTests.m */ = {isa = PBXFileReference; lastKnownFileType = sourcecode.c.objc; path = iTunesMatchHelperTests.m; sourceTree = "<group>"; };
		0942399D149D6D6C00B75A38 /* iTunesMatchHelper.entitlements */ = {isa = PBXFileReference; lastKnownFileType = text.xml; path = iTunesMatchHelper.entitlements; sourceTree = "<group>"; };
		0942399E149D6EDC00B75A38 /* iTunes.h */ = {isa = PBXFileReference; fileEncoding = 4; lastKnownFileType = sourcecode.c.h; path = iTunes.h; sourceTree = "<group>"; };
		0942399F149D707D00B75A38 /* ScriptingBridge.framework */ = {isa = PBXFileReference; lastKnownFileType = wrapper.framework; name = ScriptingBridge.framework; path = System/Library/Frameworks/ScriptingBridge.framework; sourceTree = SDKROOT; };
/* End PBXFileReference section */

/* Begin PBXFrameworksBuildPhase section */
		09423962149D6D5000B75A38 /* Frameworks */ = {
			isa = PBXFrameworksBuildPhase;
			buildActionMask = 2147483647;
			files = (
				094239A0149D707D00B75A38 /* ScriptingBridge.framework in Frameworks */,
				0942396A149D6D5000B75A38 /* Cocoa.framework in Frameworks */,
			);
			runOnlyForDeploymentPostprocessing = 0;
		};
		09423982149D6D5000B75A38 /* Frameworks */ = {
			isa = PBXFrameworksBuildPhase;
			buildActionMask = 2147483647;
			files = (
				09423988149D6D5000B75A38 /* SenTestingKit.framework in Frameworks */,
				09423989149D6D5000B75A38 /* Cocoa.framework in Frameworks */,
			);
			runOnlyForDeploymentPostprocessing = 0;
		};
/* End PBXFrameworksBuildPhase section */

/* Begin PBXGroup section */
		0942395A149D6D5000B75A38 = {
			isa = PBXGroup;
			children = (
				0942396F149D6D5000B75A38 /* iTunesMatchHelper */,
				0942398C149D6D5000B75A38 /* iTunesMatchHelperTests */,
				09423968149D6D5000B75A38 /* Frameworks */,
				09423966149D6D5000B75A38 /* Products */,
			);
			sourceTree = "<group>";
		};
		09423966149D6D5000B75A38 /* Products */ = {
			isa = PBXGroup;
			children = (
				09423965149D6D5000B75A38 /* iTunesMatchHelper.app */,
				09423986149D6D5000B75A38 /* iTunesMatchHelperTests.octest */,
			);
			name = Products;
			sourceTree = "<group>";
		};
		09423968149D6D5000B75A38 /* Frameworks */ = {
			isa = PBXGroup;
			children = (
				0942399F149D707D00B75A38 /* ScriptingBridge.framework */,
				09423969149D6D5000B75A38 /* Cocoa.framework */,
				09423987149D6D5000B75A38 /* SenTestingKit.framework */,
				0942396B149D6D5000B75A38 /* Other Frameworks */,
			);
			name = Frameworks;
			sourceTree = "<group>";
		};
		0942396B149D6D5000B75A38 /* Other Frameworks */ = {
			isa = PBXGroup;
			children = (
				0942396C149D6D5000B75A38 /* AppKit.framework */,
				0942396D149D6D5000B75A38 /* CoreData.framework */,
				0942396E149D6D5000B75A38 /* Foundation.framework */,
			);
			name = "Other Frameworks";
			sourceTree = "<group>";
		};
		0942396F149D6D5000B75A38 /* iTunesMatchHelper */ = {
			isa = PBXGroup;
			children = (
				0942399E149D6EDC00B75A38 /* iTunes.h */,
				0942399D149D6D6C00B75A38 /* iTunesMatchHelper.entitlements */,
				0942397B149D6D5000B75A38 /* AppDelegate.h */,
				0942397C149D6D5000B75A38 /* AppDelegate.m */,
				0942397E149D6D5000B75A38 /* MainMenu.xib */,
				09423970149D6D5000B75A38 /* Supporting Files */,
			);
			path = iTunesMatchHelper;
			sourceTree = "<group>";
		};
		09423970149D6D5000B75A38 /* Supporting Files */ = {
			isa = PBXGroup;
			children = (
				09423971149D6D5000B75A38 /* iTunesMatchHelper-Info.plist */,
				09423972149D6D5000B75A38 /* InfoPlist.strings */,
				09423975149D6D5000B75A38 /* main.m */,
				09423977149D6D5000B75A38 /* iTunesMatchHelper-Prefix.pch */,
				09423978149D6D5000B75A38 /* Credits.rtf */,
			);
			name = "Supporting Files";
			sourceTree = "<group>";
		};
		0942398C149D6D5000B75A38 /* iTunesMatchHelperTests */ = {
			isa = PBXGroup;
			children = (
				09423992149D6D5000B75A38 /* iTunesMatchHelperTests.h */,
				09423993149D6D5000B75A38 /* iTunesMatchHelperTests.m */,
				0942398D149D6D5000B75A38 /* Supporting Files */,
			);
			path = iTunesMatchHelperTests;
			sourceTree = "<group>";
		};
		0942398D149D6D5000B75A38 /* Supporting Files */ = {
			isa = PBXGroup;
			children = (
				0942398E149D6D5000B75A38 /* iTunesMatchHelperTests-Info.plist */,
				0942398F149D6D5000B75A38 /* InfoPlist.strings */,
			);
			name = "Supporting Files";
			sourceTree = "<group>";
		};
/* End PBXGroup section */

/* Begin PBXNativeTarget section */
		09423964149D6D5000B75A38 /* iTunesMatchHelper */ = {
			isa = PBXNativeTarget;
			buildConfigurationList = 09423997149D6D5000B75A38 /* Build configuration list for PBXNativeTarget "iTunesMatchHelper" */;
			buildPhases = (
				09423961149D6D5000B75A38 /* Sources */,
				09423962149D6D5000B75A38 /* Frameworks */,
				09423963149D6D5000B75A38 /* Resources */,
			);
			buildRules = (
			);
			dependencies = (
			);
			name = iTunesMatchHelper;
			productName = iTunesMatchHelper;
			productReference = 09423965149D6D5000B75A38 /* iTunesMatchHelper.app */;
			productType = "com.apple.product-type.application";
		};
		09423985149D6D5000B75A38 /* iTunesMatchHelperTests */ = {
			isa = PBXNativeTarget;
			buildConfigurationList = 0942399A149D6D5000B75A38 /* Build configuration list for PBXNativeTarget "iTunesMatchHelperTests" */;
			buildPhases = (
				09423981149D6D5000B75A38 /* Sources */,
				09423982149D6D5000B75A38 /* Frameworks */,
				09423983149D6D5000B75A38 /* Resources */,
				09423984149D6D5000B75A38 /* ShellScript */,
			);
			buildRules = (
			);
			dependencies = (
				0942398B149D6D5000B75A38 /* PBXTargetDependency */,
			);
			name = iTunesMatchHelperTests;
			productName = iTunesMatchHelperTests;
			productReference = 09423986149D6D5000B75A38 /* iTunesMatchHelperTests.octest */;
			productType = "com.apple.product-type.bundle";
		};
/* End PBXNativeTarget section */

/* Begin PBXProject section */
		0942395C149D6D5000B75A38 /* Project object */ = {
			isa = PBXProject;
			attributes = {
				LastUpgradeCheck = 0420;
			};
			buildConfigurationList = 0942395F149D6D5000B75A38 /* Build configuration list for PBXProject "iTunesMatchHelper" */;
			compatibilityVersion = "Xcode 3.2";
			developmentRegion = English;
			hasScannedForEncodings = 0;
			knownRegions = (
				en,
			);
			mainGroup = 0942395A149D6D5000B75A38;
			productRefGroup = 09423966149D6D5000B75A38 /* Products */;
			projectDirPath = "";
			projectRoot = "";
			targets = (
				09423964149D6D5000B75A38 /* iTunesMatchHelper */,
				09423985149D6D5000B75A38 /* iTunesMatchHelperTests */,
			);
		};
/* End PBXProject section */

/* Begin PBXResourcesBuildPhase section */
		09423963149D6D5000B75A38 /* Resources */ = {
			isa = PBXResourcesBuildPhase;
			buildActionMask = 2147483647;
			files = (
				09423974149D6D5000B75A38 /* InfoPlist.strings in Resources */,
				0942397A149D6D5000B75A38 /* Credits.rtf in Resources */,
				09423980149D6D5000B75A38 /* MainMenu.xib in Resources */,
			);
			runOnlyForDeploymentPostprocessing = 0;
		};
		09423983149D6D5000B75A38 /* Resources */ = {
			isa = PBXResourcesBuildPhase;
			buildActionMask = 2147483647;
			files = (
				09423991149D6D5000B75A38 /* InfoPlist.strings in Resources */,
			);
			runOnlyForDeploymentPostprocessing = 0;
		};
/* End PBXResourcesBuildPhase section */

/* Begin PBXShellScriptBuildPhase section */
		09423984149D6D5000B75A38 /* ShellScript */ = {
			isa = PBXShellScriptBuildPhase;
			buildActionMask = 2147483647;
			files = (
			);
			inputPaths = (
			);
			outputPaths = (
			);
			runOnlyForDeploymentPostprocessing = 0;
			shellPath = /bin/sh;
			shellScript = "# Run the unit tests in this test bundle.\n\"${SYSTEM_DEVELOPER_DIR}/Tools/RunUnitTests\"\n";
		};
/* End PBXShellScriptBuildPhase section */

/* Begin PBXSourcesBuildPhase section */
		09423961149D6D5000B75A38 /* Sources */ = {
			isa = PBXSourcesBuildPhase;
			buildActionMask = 2147483647;
			files = (
				09423976149D6D5000B75A38 /* main.m in Sources */,
				0942397D149D6D5000B75A38 /* AppDelegate.m in Sources */,
			);
			runOnlyForDeploymentPostprocessing = 0;
		};
		09423981149D6D5000B75A38 /* Sources */ = {
			isa = PBXSourcesBuildPhase;
			buildActionMask = 2147483647;
			files = (
				09423994149D6D5000B75A38 /* iTunesMatchHelperTests.m in Sources */,
			);
			runOnlyForDeploymentPostprocessing = 0;
		};
/* End PBXSourcesBuildPhase section */

/* Begin PBXTargetDependency section */
		0942398B149D6D5000B75A38 /* PBXTargetDependency */ = {
			isa = PBXTargetDependency;
			target = 09423964149D6D5000B75A38 /* iTunesMatchHelper */;
			targetProxy = 0942398A149D6D5000B75A38 /* PBXContainerItemProxy */;
		};
/* End PBXTargetDependency section */

/* Begin PBXVariantGroup section */
		09423972149D6D5000B75A38 /* InfoPlist.strings */ = {
			isa = PBXVariantGroup;
			children = (
				09423973149D6D5000B75A38 /* en */,
			);
			name = InfoPlist.strings;
			sourceTree = "<group>";
		};
		09423978149D6D5000B75A38 /* Credits.rtf */ = {
			isa = PBXVariantGroup;
			children = (
				09423979149D6D5000B75A38 /* en */,
			);
			name = Credits.rtf;
			sourceTree = "<group>";
		};
		0942397E149D6D5000B75A38 /* MainMenu.xib */ = {
			isa = PBXVariantGroup;
			children = (
				0942397F149D6D5000B75A38 /* en */,
			);
			name = MainMenu.xib;
			sourceTree = "<group>";
		};
		0942398F149D6D5000B75A38 /* InfoPlist.strings */ = {
			isa = PBXVariantGroup;
			children = (
				09423990149D6D5000B75A38 /* en */,
			);
			name = InfoPlist.strings;
			sourceTree = "<group>";
		};
/* End PBXVariantGroup section */

/* Begin XCBuildConfiguration section */
		09423995149D6D5000B75A38 /* Debug */ = {
			isa = XCBuildConfiguration;
			buildSettings = {
				ALWAYS_SEARCH_USER_PATHS = NO;
				ARCHS = "$(ARCHS_STANDARD_64_BIT)";
				CLANG_ENABLE_OBJC_ARC = YES;
				COPY_PHASE_STRIP = NO;
				GCC_C_LANGUAGE_STANDARD = gnu99;
				GCC_DYNAMIC_NO_PIC = NO;
				GCC_ENABLE_OBJC_EXCEPTIONS = YES;
				GCC_OPTIMIZATION_LEVEL = 0;
				GCC_PREPROCESSOR_DEFINITIONS = (
					"DEBUG=1",
					"$(inherited)",
				);
				GCC_SYMBOLS_PRIVATE_EXTERN = NO;
				GCC_VERSION = com.apple.compilers.llvm.clang.1_0;
				GCC_WARN_64_TO_32_BIT_CONVERSION = YES;
				GCC_WARN_ABOUT_MISSING_PROTOTYPES = YES;
				GCC_WARN_ABOUT_RETURN_TYPE = YES;
				GCC_WARN_UNUSED_VARIABLE = YES;
				MACOSX_DEPLOYMENT_TARGET = 10.7;
				ONLY_ACTIVE_ARCH = YES;
				SDKROOT = macosx;
			};
			name = Debug;
		};
		09423996149D6D5000B75A38 /* Release */ = {
			isa = XCBuildConfiguration;
			buildSettings = {
				ALWAYS_SEARCH_USER_PATHS = NO;
				ARCHS = "$(ARCHS_STANDARD_64_BIT)";
				CLANG_ENABLE_OBJC_ARC = YES;
				COPY_PHASE_STRIP = YES;
				DEBUG_INFORMATION_FORMAT = "dwarf-with-dsym";
				GCC_C_LANGUAGE_STANDARD = gnu99;
				GCC_ENABLE_OBJC_EXCEPTIONS = YES;
				GCC_VERSION = com.apple.compilers.llvm.clang.1_0;
				GCC_WARN_64_TO_32_BIT_CONVERSION = YES;
				GCC_WARN_ABOUT_MISSING_PROTOTYPES = YES;
				GCC_WARN_ABOUT_RETURN_TYPE = YES;
				GCC_WARN_UNUSED_VARIABLE = YES;
				MACOSX_DEPLOYMENT_TARGET = 10.7;
				SDKROOT = macosx;
			};
			name = Release;
		};
		09423998149D6D5000B75A38 /* Debug */ = {
			isa = XCBuildConfiguration;
			buildSettings = {
				GCC_PRECOMPILE_PREFIX_HEADER = YES;
				GCC_PREFIX_HEADER = "iTunesMatchHelper/iTunesMatchHelper-Prefix.pch";
				INFOPLIST_FILE = "iTunesMatchHelper/iTunesMatchHelper-Info.plist";
				PRODUCT_NAME = "$(TARGET_NAME)";
				WRAPPER_EXTENSION = app;
			};
			name = Debug;
		};
		09423999149D6D5000B75A38 /* Release */ = {
			isa = XCBuildConfiguration;
			buildSettings = {
				GCC_PRECOMPILE_PREFIX_HEADER = YES;
				GCC_PREFIX_HEADER = "iTunesMatchHelper/iTunesMatchHelper-Prefix.pch";
				INFOPLIST_FILE = "iTunesMatchHelper/iTunesMatchHelper-Info.plist";
				PRODUCT_NAME = "$(TARGET_NAME)";
				WRAPPER_EXTENSION = app;
			};
			name = Release;
		};
		0942399B149D6D5000B75A38 /* Debug */ = {
			isa = XCBuildConfiguration;
			buildSettings = {
				BUNDLE_LOADER = "$(BUILT_PRODUCTS_DIR)/iTunesMatchHelper.app/Contents/MacOS/iTunesMatchHelper";
				FRAMEWORK_SEARCH_PATHS = "$(DEVELOPER_LIBRARY_DIR)/Frameworks";
				GCC_PRECOMPILE_PREFIX_HEADER = YES;
				GCC_PREFIX_HEADER = "iTunesMatchHelper/iTunesMatchHelper-Prefix.pch";
				INFOPLIST_FILE = "iTunesMatchHelperTests/iTunesMatchHelperTests-Info.plist";
				PRODUCT_NAME = "$(TARGET_NAME)";
				TEST_HOST = "$(BUNDLE_LOADER)";
				WRAPPER_EXTENSION = octest;
			};
			name = Debug;
		};
		0942399C149D6D5000B75A38 /* Release */ = {
			isa = XCBuildConfiguration;
			buildSettings = {
				BUNDLE_LOADER = "$(BUILT_PRODUCTS_DIR)/iTunesMatchHelper.app/Contents/MacOS/iTunesMatchHelper";
				FRAMEWORK_SEARCH_PATHS = "$(DEVELOPER_LIBRARY_DIR)/Frameworks";
				GCC_PRECOMPILE_PREFIX_HEADER = YES;
				GCC_PREFIX_HEADER = "iTunesMatchHelper/iTunesMatchHelper-Prefix.pch";
				INFOPLIST_FILE = "iTunesMatchHelperTests/iTunesMatchHelperTests-Info.plist";
				PRODUCT_NAME = "$(TARGET_NAME)";
				TEST_HOST = "$(BUNDLE_LOADER)";
				WRAPPER_EXTENSION = octest;
			};
			name = Release;
		};
/* End XCBuildConfiguration section */

/* Begin XCConfigurationList section */
		0942395F149D6D5000B75A38 /* Build configuration list for PBXProject "iTunesMatchHelper" */ = {
			isa = XCConfigurationList;
			buildConfigurations = (
				09423995149D6D5000B75A38 /* Debug */,
				09423996149D6D5000B75A38 /* Release */,
			);
			defaultConfigurationIsVisible = 0;
			defaultConfigurationName = Release;
		};
		09423997149D6D5000B75A38 /* Build configuration list for PBXNativeTarget "iTunesMatchHelper" */ = {
			isa = XCConfigurationList;
			buildConfigurations = (
				09423998149D6D5000B75A38 /* Debug */,
				09423999149D6D5000B75A38 /* Release */,
			);
			defaultConfigurationIsVisible = 0;
			defaultConfigurationName = Release;
		};
		0942399A149D6D5000B75A38 /* Build configuration list for PBXNativeTarget "iTunesMatchHelperTests" */ = {
			isa = XCConfigurationList;
			buildConfigurations = (
				0942399B149D6D5000B75A38 /* Debug */,
				0942399C149D6D5000B75A38 /* Release */,
			);
			defaultConfigurationIsVisible = 0;
			defaultConfigurationName = Release;
		};
/* End XCConfigurationList section */
	};
	rootObject = 0942395C149D6D5000B75A38 /* Project object */;
}
